// !$*UTF8*$!
{
	archiveVersion = 1;
	classes = {
	};
	objectVersion = 50;
	objects = {

/* Begin PBXBuildFile section */
		72061AF321965EDB000BB9AE /* PlaySoudsViewController.swift in Sources */ = {isa = PBXBuildFile; fileRef = 72061AF221965EDB000BB9AE /* PlaySoudsViewController.swift */; };
		720D239D2194FC4E00D2162F /* AppDelegate.swift in Sources */ = {isa = PBXBuildFile; fileRef = 720D239C2194FC4E00D2162F /* AppDelegate.swift */; };
		720D239F2194FC4E00D2162F /* RecordSoundsViewController.swift in Sources */ = {isa = PBXBuildFile; fileRef = 720D239E2194FC4E00D2162F /* RecordSoundsViewController.swift */; };
		720D23A22194FC4E00D2162F /* Main.storyboard in Resources */ = {isa = PBXBuildFile; fileRef = 720D23A02194FC4E00D2162F /* Main.storyboard */; };
		720D23A42194FC5000D2162F /* Assets.xcassets in Resources */ = {isa = PBXBuildFile; fileRef = 720D23A32194FC5000D2162F /* Assets.xcassets */; };
		720D23A72194FC5000D2162F /* LaunchScreen.storyboard in Resources */ = {isa = PBXBuildFile; fileRef = 720D23A52194FC5000D2162F /* LaunchScreen.storyboard */; };
		723CDC3621ADB8EA00AFFC81 /* playsoundsviewcontroller-audio.swift in Sources */ = {isa = PBXBuildFile; fileRef = 723CDC3521ADB8EA00AFFC81 /* playsoundsviewcontroller-audio.swift */; };
/* End PBXBuildFile section */

/* Begin PBXFileReference section */
		72061AF221965EDB000BB9AE /* PlaySoudsViewController.swift */ = {isa = PBXFileReference; lastKnownFileType = sourcecode.swift; path = PlaySoudsViewController.swift; sourceTree = "<group>"; };
		720D23992194FC4E00D2162F /* PitchPefect.app */ = {isa = PBXFileReference; explicitFileType = wrapper.application; includeInIndex = 0; path = PitchPefect.app; sourceTree = BUILT_PRODUCTS_DIR; };
		720D239C2194FC4E00D2162F /* AppDelegate.swift */ = {isa = PBXFileReference; lastKnownFileType = sourcecode.swift; path = AppDelegate.swift; sourceTree = "<group>"; };
		720D239E2194FC4E00D2162F /* RecordSoundsViewController.swift */ = {isa = PBXFileReference; lastKnownFileType = sourcecode.swift; path = RecordSoundsViewController.swift; sourceTree = "<group>"; };
		720D23A12194FC4E00D2162F /* Base */ = {isa = PBXFileReference; lastKnownFileType = file.storyboard; name = Base; path = Base.lproj/Main.storyboard; sourceTree = "<group>"; };
		720D23A32194FC5000D2162F /* Assets.xcassets */ = {isa = PBXFileReference; lastKnownFileType = folder.assetcatalog; path = Assets.xcassets; sourceTree = "<group>"; };
		720D23A62194FC5000D2162F /* Base */ = {isa = PBXFileReference; lastKnownFileType = file.storyboard; name = Base; path = Base.lproj/LaunchScreen.storyboard; sourceTree = "<group>"; };
		720D23A82194FC5000D2162F /* Info.plist */ = {isa = PBXFileReference; lastKnownFileType = text.plist.xml; path = Info.plist; sourceTree = "<group>"; };
		723CDC3521ADB8EA00AFFC81 /* playsoundsviewcontroller-audio.swift */ = {isa = PBXFileReference; fileEncoding = 4; lastKnownFileType = sourcecode.swift; name = "playsoundsviewcontroller-audio.swift"; path = "../../../Downloads/playsoundsviewcontroller-audio.swift"; sourceTree = "<group>"; };
/* End PBXFileReference section */

/* Begin PBXFrameworksBuildPhase section */
		720D23962194FC4E00D2162F /* Frameworks */ = {
			isa = PBXFrameworksBuildPhase;
			buildActionMask = 2147483647;
			files = (
			);
			runOnlyForDeploymentPostprocessing = 0;
		};
/* End PBXFrameworksBuildPhase section */

/* Begin PBXGroup section */
		720D23902194FC4E00D2162F = {
			isa = PBXGroup;
			children = (
				720D239B2194FC4E00D2162F /* PitchPefect */,
				720D239A2194FC4E00D2162F /* Products */,
			);
			sourceTree = "<group>";
		};
		720D239A2194FC4E00D2162F /* Products */ = {
			isa = PBXGroup;
			children = (
				720D23992194FC4E00D2162F /* PitchPefect.app */,
			);
			name = Products;
			sourceTree = "<group>";
		};
		720D239B2194FC4E00D2162F /* PitchPefect */ = {
			isa = PBXGroup;
			children = (
				720D239C2194FC4E00D2162F /* AppDelegate.swift */,
				720D239E2194FC4E00D2162F /* RecordSoundsViewController.swift */,
				720D23A02194FC4E00D2162F /* Main.storyboard */,
				720D23A32194FC5000D2162F /* Assets.xcassets */,
				720D23A52194FC5000D2162F /* LaunchScreen.storyboard */,
				720D23A82194FC5000D2162F /* Info.plist */,
				72061AF221965EDB000BB9AE /* PlaySoudsViewController.swift */,
				723CDC3521ADB8EA00AFFC81 /* playsoundsviewcontroller-audio.swift */,
			);
			path = PitchPefect;
			sourceTree = "<group>";
		};
/* End PBXGroup section */

/* Begin PBXNativeTarget section */
		720D23982194FC4E00D2162F /* PitchPefect */ = {
			isa = PBXNativeTarget;
			buildConfigurationList = 720D23AB2194FC5000D2162F /* Build configuration list for PBXNativeTarget "PitchPefect" */;
			buildPhases = (
				720D23952194FC4E00D2162F /* Sources */,
				720D23962194FC4E00D2162F /* Frameworks */,
				720D23972194FC4E00D2162F /* Resources */,
			);
			buildRules = (
			);
			dependencies = (
			);
			name = PitchPefect;
			productName = PitchPefect;
			productReference = 720D23992194FC4E00D2162F /* PitchPefect.app */;
			productType = "com.apple.product-type.application";
		};
/* End PBXNativeTarget section */

/* Begin PBXProject section */
		720D23912194FC4E00D2162F /* Project object */ = {
			isa = PBXProject;
			attributes = {
				LastSwiftUpdateCheck = 1010;
				LastUpgradeCheck = 1010;
				ORGANIZATIONNAME = reemkt;
				TargetAttributes = {
					720D23982194FC4E00D2162F = {
						CreatedOnToolsVersion = 10.1;
					};
				};
			};
			buildConfigurationList = 720D23942194FC4E00D2162F /* Build configuration list for PBXProject "PitchPefect" */;
			compatibilityVersion = "Xcode 9.3";
			developmentRegion = en;
			hasScannedForEncodings = 0;
			knownRegions = (
				en,
				Base,
			);
			mainGroup = 720D23902194FC4E00D2162F;
			productRefGroup = 720D239A2194FC4E00D2162F /* Products */;
			projectDirPath = "";
			projectRoot = "";
			targets = (
				720D23982194FC4E00D2162F /* PitchPefect */,
			);
		};
/* End PBXProject section */

/* Begin PBXResourcesBuildPhase section */
		720D23972194FC4E00D2162F /* Resources */ = {
			isa = PBXResourcesBuildPhase;
			buildActionMask = 2147483647;
			files = (
				720D23A72194FC5000D2162F /* LaunchScreen.storyboard in Resources */,
				720D23A42194FC5000D2162F /* Assets.xcassets in Resources */,
				720D23A22194FC4E00D2162F /* Main.storyboard in Resources */,
			);
			runOnlyForDeploymentPostprocessing = 0;
		};
/* End PBXResourcesBuildPhase section */

/* Begin PBXSourcesBuildPhase section */
		720D23952194FC4E00D2162F /* Sources */ = {
			isa = PBXSourcesBuildPhase;
			buildActionMask = 2147483647;
			files = (
				720D239F2194FC4E00D2162F /* RecordSoundsViewController.swift in Sources */,
				72061AF321965EDB000BB9AE /* PlaySoudsViewController.swift in Sources */,
				720D239D2194FC4E00D2162F /* AppDelegate.swift in Sources */,
				723CDC3621ADB8EA00AFFC81 /* playsoundsviewcontroller-audio.swift in Sources */,
			);
			runOnlyForDeploymentPostprocessing = 0;
		};
/* End PBXSourcesBuildPhase section */

/* Begin PBXVariantGroup section */
		720D23A02194FC4E00D2162F /* Main.storyboard */ = {
			isa = PBXVariantGroup;
			children = (
				720D23A12194FC4E00D2162F /* Base */,
			);
			name = Main.storyboard;
			sourceTree = "<group>";
		};
		720D23A52194FC5000D2162F /* LaunchScreen.storyboard */ = {
			isa = PBXVariantGroup;
			children = (
				720D23A62194FC5000D2162F /* Base */,
			);
			name = LaunchScreen.storyboard;
			sourceTree = "<group>";
		};
/* End PBXVariantGroup section */

/* Begin XCBuildConfiguration section */
		720D23A92194FC5000D2162F /* Debug */ = {
			isa = XCBuildConfiguration;
			buildSettings = {
				ALWAYS_SEARCH_USER_PATHS = NO;
				CLANG_ANALYZER_NONNULL = YES;
				CLANG_ANALYZER_NUMBER_OBJECT_CONVERSION = YES_AGGRESSIVE;
				CLANG_CXX_LANGUAGE_STANDARD = "gnu++14";
				CLANG_CXX_LIBRARY = "libc++";
				CLANG_ENABLE_MODULES = YES;
				CLANG_ENABLE_OBJC_ARC = YES;
				CLANG_ENABLE_OBJC_WEAK = YES;
				CLANG_WARN_BLOCK_CAPTURE_AUTORELEASING = YES;
				CLANG_WARN_BOOL_CONVERSION = YES;
				CLANG_WARN_COMMA = YES;
				CLANG_WARN_CONSTANT_CONVERSION = YES;
				CLANG_WARN_DEPRECATED_OBJC_IMPLEMENTATIONS = YES;
				CLANG_WARN_DIRECT_OBJC_ISA_USAGE = YES_ERROR;
				CLANG_WARN_DOCUMENTATION_COMMENTS = YES;
				CLANG_WARN_EMPTY_BODY = YES;
				CLANG_WARN_ENUM_CONVERSION = YES;
				CLANG_WARN_INFINITE_RECURSION = YES;
				CLANG_WARN_INT_CONVERSION = YES;
				CLANG_WARN_NON_LITERAL_NULL_CONVERSION = YES;
				CLANG_WARN_OBJC_IMPLICIT_RETAIN_SELF = YES;
				CLANG_WARN_OBJC_LITERAL_CONVERSION = YES;
				CLANG_WARN_OBJC_ROOT_CLASS = YES_ERROR;
				CLANG_WARN_RANGE_LOOP_ANALYSIS = YES;
				CLANG_WARN_STRICT_PROTOTYPES = YES;
				CLANG_WARN_SUSPICIOUS_MOVE = YES;
				CLANG_WARN_UNGUARDED_AVAILABILITY = YES_AGGRESSIVE;
				CLANG_WARN_UNREACHABLE_CODE = YES;
				CLANG_WARN__DUPLICATE_METHOD_MATCH = YES;
				CODE_SIGN_IDENTITY = "iPhone Developer";
				COPY_PHASE_STRIP = NO;
				DEBUG_INFORMATION_FORMAT = dwarf;
				ENABLE_STRICT_OBJC_MSGSEND = YES;
				ENABLE_TESTABILITY = YES;
				GCC_C_LANGUAGE_STANDARD = gnu11;
				GCC_DYNAMIC_NO_PIC = NO;
				GCC_NO_COMMON_BLOCKS = YES;
				GCC_OPTIMIZATION_LEVEL = 0;
				GCC_PREPROCESSOR_DEFINITIONS = (
					"DEBUG=1",
					"$(inherited)",
				);
				GCC_WARN_64_TO_32_BIT_CONVERSION = YES;
				GCC_WARN_ABOUT_RETURN_TYPE = YES_ERROR;
				GCC_WARN_UNDECLARED_SELECTOR = YES;
				GCC_WARN_UNINITIALIZED_AUTOS = YES_AGGRESSIVE;
				GCC_WARN_UNUSED_FUNCTION = YES;
				GCC_WARN_UNUSED_VARIABLE = YES;
				IPHONEOS_DEPLOYMENT_TARGET = 12.1;
				MTL_ENABLE_DEBUG_INFO = INCLUDE_SOURCE;
				MTL_FAST_MATH = YES;
				ONLY_ACTIVE_ARCH = YES;
				SDKROOT = iphoneos;
				SWIFT_ACTIVE_COMPILATION_CONDITIONS = DEBUG;
				SWIFT_OPTIMIZATION_LEVEL = "-Onone";
			};
			name = Debug;
		};
		720D23AA2194FC5000D2162F /* Release */ = {
			isa = XCBuildConfiguration;
			buildSettings = {
				ALWAYS_SEARCH_USER_PATHS = NO;
				CLANG_ANALYZER_NONNULL = YES;
				CLANG_ANALYZER_NUMBER_OBJECT_CONVERSION = YES_AGGRESSIVE;
				CLANG_CXX_LANGUAGE_STANDARD = "gnu++14";
				CLANG_CXX_LIBRARY = "libc++";
				CLANG_ENABLE_MODULES = YES;
				CLANG_ENABLE_OBJC_ARC = YES;
				CLANG_ENABLE_OBJC_WEAK = YES;
				CLANG_WARN_BLOCK_CAPTURE_AUTORELEASING = YES;
				CLANG_WARN_BOOL_CONVERSION = YES;
				CLANG_WARN_COMMA = YES;
				CLANG_WARN_CONSTANT_CONVERSION = YES;
				CLANG_WARN_DEPRECATED_OBJC_IMPLEMENTATIONS = YES;
				CLANG_WARN_DIRECT_OBJC_ISA_USAGE = YES_ERROR;
				CLANG_WARN_DOCUMENTATION_COMMENTS = YES;
				CLANG_WARN_EMPTY_BODY = YES;
				CLANG_WARN_ENUM_CONVERSION = YES;
				CLANG_WARN_INFINITE_RECURSION = YES;
				CLANG_WARN_INT_CONVERSION = YES;
				CLANG_WARN_NON_LITERAL_NULL_CONVERSION = YES;
				CLANG_WARN_OBJC_IMPLICIT_RETAIN_SELF = YES;
				CLANG_WARN_OBJC_LITERAL_CONVERSION = YES;
				CLANG_WARN_OBJC_ROOT_CLASS = YES_ERROR;
				CLANG_WARN_RANGE_LOOP_ANALYSIS = YES;
				CLANG_WARN_STRICT_PROTOTYPES = YES;
				CLANG_WARN_SUSPICIOUS_MOVE = YES;
				CLANG_WARN_UNGUARDED_AVAILABILITY = YES_AGGRESSIVE;
				CLANG_WARN_UNREACHABLE_CODE = YES;
				CLANG_WARN__DUPLICATE_METHOD_MATCH = YES;
				CODE_SIGN_IDENTITY = "iPhone Developer";
				COPY_PHASE_STRIP = NO;
				DEBUG_INFORMATION_FORMAT = "dwarf-with-dsym";
				ENABLE_NS_ASSERTIONS = NO;
				ENABLE_STRICT_OBJC_MSGSEND = YES;
				GCC_C_LANGUAGE_STANDARD = gnu11;
				GCC_NO_COMMON_BLOCKS = YES;
				GCC_WARN_64_TO_32_BIT_CONVERSION = YES;
				GCC_WARN_ABOUT_RETURN_TYPE = YES_ERROR;
				GCC_WARN_UNDECLARED_SELECTOR = YES;
				GCC_WARN_UNINITIALIZED_AUTOS = YES_AGGRESSIVE;
				GCC_WARN_UNUSED_FUNCTION = YES;
				GCC_WARN_UNUSED_VARIABLE = YES;
				IPHONEOS_DEPLOYMENT_TARGET = 12.1;
				MTL_ENABLE_DEBUG_INFO = NO;
				MTL_FAST_MATH = YES;
				SDKROOT = iphoneos;
				SWIFT_COMPILATION_MODE = wholemodule;
				SWIFT_OPTIMIZATION_LEVEL = "-O";
				VALIDATE_PRODUCT = YES;
			};
			name = Release;
		};
		720D23AC2194FC5000D2162F /* Debug */ = {
			isa = XCBuildConfiguration;
			buildSettings = {
				ASSETCATALOG_COMPILER_APPICON_NAME = AppIcon;
				CODE_SIGN_STYLE = Automatic;
				INFOPLIST_FILE = PitchPefect/Info.plist;
				LD_RUNPATH_SEARCH_PATHS = (
					"$(inherited)",
					"@executable_path/Frameworks",
				);
				PRODUCT_BUNDLE_IDENTIFIER = reem.PitchPefect;
				PRODUCT_NAME = "$(TARGET_NAME)";
				SWIFT_VERSION = 4.2;
				TARGETED_DEVICE_FAMILY = "1,2";
			};
			name = Debug;
		};
		720D23AD2194FC5000D2162F /* Release */ = {
			isa = XCBuildConfiguration;
			buildSettings = {
				ASSETCATALOG_COMPILER_APPICON_NAME = AppIcon;
				CODE_SIGN_STYLE = Automatic;
				INFOPLIST_FILE = PitchPefect/Info.plist;
				LD_RUNPATH_SEARCH_PATHS = (
					"$(inherited)",
					"@executable_path/Frameworks",
				);
				PRODUCT_BUNDLE_IDENTIFIER = reem.PitchPefect;
				PRODUCT_NAME = "$(TARGET_NAME)";
				SWIFT_VERSION = 4.2;
				TARGETED_DEVICE_FAMILY = "1,2";
			};
			name = Release;
		};
/* End XCBuildConfiguration section */

/* Begin XCConfigurationList section */
		720D23942194FC4E00D2162F /* Build configuration list for PBXProject "PitchPefect" */ = {
			isa = XCConfigurationList;
			buildConfigurations = (
				720D23A92194FC5000D2162F /* Debug */,
				720D23AA2194FC5000D2162F /* Release */,
			);
			defaultConfigurationIsVisible = 0;
			defaultConfigurationName = Release;
		};
		720D23AB2194FC5000D2162F /* Build configuration list for PBXNativeTarget "PitchPefect" */ = {
			isa = XCConfigurationList;
			buildConfigurations = (
				720D23AC2194FC5000D2162F /* Debug */,
				720D23AD2194FC5000D2162F /* Release */,
			);
			defaultConfigurationIsVisible = 0;
			defaultConfigurationName = Release;
		};
/* End XCConfigurationList section */
	};
	rootObject = 720D23912194FC4E00D2162F /* Project object */;
}
